
Microsoft Visual Studio Solution File, Format Version 12.00
# Visual Studio Version 17
VisualStudioVersion = 17.11.35303.130
MinimumVisualStudioVersion = 10.0.40219.1
Project("{2150E333-8FDC-42A3-9474-1A3956D46DE8}") = "Task0", "Task0", "{4CD0E8BD-BEEE-4A43-8E18-1A46F730B4E4}"
EndProject
Project("{FAE04EC0-301F-11D3-BF4B-00C04F79EFBC}") = "Tyuiu.AidemirAF.Sprint4.Task0.V13", "Tyuiu.AidemirAF.Sprint4.Task0.V13\Tyuiu.AidemirAF.Sprint4.Task0.V13.csproj", "{871F21D4-C1B6-4889-A6C5-AA4E9C3F65AC}"
EndProject
Project("{FAE04EC0-301F-11D3-BF4B-00C04F79EFBC}") = "Tyuiu.AidemirAF.Sprint4.Task0.V13.Lib", "Tyuiu.AidemirAF.Sprint4.Task0.V13.Lib\Tyuiu.AidemirAF.Sprint4.Task0.V13.Lib.csproj", "{088EFE13-D92D-4D01-8968-26A638C46F61}"
EndProject
Project("{FAE04EC0-301F-11D3-BF4B-00C04F79EFBC}") = "Tyuiu.AidemirAF.Sprint4.Task0.V13.Test", "Tyuiu.AidemirAF.Sprint4.Task0.V13.Test\Tyuiu.AidemirAF.Sprint4.Task0.V13.Test.csproj", "{860E91B2-478A-4520-AB2A-19BBB212FA03}"
EndProject
Project("{2150E333-8FDC-42A3-9474-1A3956D46DE8}") = "Task1", "Task1", "{1C7FE07A-C2F2-4378-9ED4-A2BA5ACF0C17}"
EndProject
Project("{FAE04EC0-301F-11D3-BF4B-00C04F79EFBC}") = "Tyuiu.AidemirAF.Sprint4.Task1.V20", "Tyuiu.AidemirAF.Sprint4.Task1.V20\Tyuiu.AidemirAF.Sprint4.Task1.V20.csproj", "{8B2AAEDE-A057-47D2-870E-1716D8776E5E}"
EndProject
Project("{FAE04EC0-301F-11D3-BF4B-00C04F79EFBC}") = "Tyuiu.AidemirAF.Sprint4.Task1.V20.Lib", "Tyuiu.AidemirAF.Sprint4.Task1.V20.Lib\Tyuiu.AidemirAF.Sprint4.Task1.V20.Lib.csproj", "{2427689A-B15B-48D3-96CA-A745E0C1682A}"
EndProject
Project("{FAE04EC0-301F-11D3-BF4B-00C04F79EFBC}") = "Tyuiu.AidemirAF.Sprint4.Task1.V20.Test", "Tyuiu.AidemirAF.Sprint4.Task1.V20.Test\Tyuiu.AidemirAF.Sprint4.Task1.V20.Test.csproj", "{6C463A69-C914-4AEF-A1F0-9325C914AC84}"
EndProject
Project("{2150E333-8FDC-42A3-9474-1A3956D46DE8}") = "Task2", "Task2", "{11DA2D20-91D1-41C4-AEE3-9A897C877832}"
EndProject
Project("{FAE04EC0-301F-11D3-BF4B-00C04F79EFBC}") = "Tyuiu.AidemirAF.Sprint4.Task2.V5", "Tyuiu.AidemirAF.Sprint4.Task2.V5\Tyuiu.AidemirAF.Sprint4.Task2.V5.csproj", "{6559E5AA-86A5-449A-9A31-978E63C12D53}"
EndProject
Project("{FAE04EC0-301F-11D3-BF4B-00C04F79EFBC}") = "Tyuiu.AidemirAF.Sprint4.Task2.V5.Lib", "Tyuiu.AidemirAF.Sprint4.Task2.V5.Lib\Tyuiu.AidemirAF.Sprint4.Task2.V5.Lib.csproj", "{012233A1-ABA3-4DBC-8C61-FB76F373A3F3}"
EndProject
Project("{FAE04EC0-301F-11D3-BF4B-00C04F79EFBC}") = "Tyuiu.AidemirAF.Sprint4.Task2.V5.Test", "Tyuiu.AidemirAF.Sprint4.Task2.V5.Test\Tyuiu.AidemirAF.Sprint4.Task2.V5.Test.csproj", "{11F917C8-BFF4-418C-AFBC-64EE9985629B}"
EndProject
Project("{2150E333-8FDC-42A3-9474-1A3956D46DE8}") = "Task3", "Task3", "{A5522024-BAC6-410E-A6EE-B10FA30E7213}"
EndProject
Project("{FAE04EC0-301F-11D3-BF4B-00C04F79EFBC}") = "Tyuiu.AidemirAF.Sprint4.Task3.V29", "Tyuiu.AidemirAF.Sprint4.Task3.V29\Tyuiu.AidemirAF.Sprint4.Task3.V29.csproj", "{3E8CD3DE-8434-42D4-BC83-04C090396E20}"
EndProject
Project("{FAE04EC0-301F-11D3-BF4B-00C04F79EFBC}") = "Tyuiu.AidemirAF.Sprint4.Task3.V29.Lib", "Tyuiu.AidemirAF.Sprint4.Task3.V29.Lib\Tyuiu.AidemirAF.Sprint4.Task3.V29.Lib.csproj", "{73E5B749-43CA-4C92-A940-57E5908F498E}"
EndProject
Project("{FAE04EC0-301F-11D3-BF4B-00C04F79EFBC}") = "Tyuiu.AidemirAF.Sprint4.Task3.V29.Test", "Tyuiu.AidemirAF.Sprint4.Task3.V29.Test\Tyuiu.AidemirAF.Sprint4.Task3.V29.Test.csproj", "{8CEE7E7F-156C-4322-A9A9-5C239FD6D4EA}"
EndProject
Global
	GlobalSection(SolutionConfigurationPlatforms) = preSolution
		Debug|Any CPU = Debug|Any CPU
		Release|Any CPU = Release|Any CPU
	EndGlobalSection
	GlobalSection(ProjectConfigurationPlatforms) = postSolution
		{871F21D4-C1B6-4889-A6C5-AA4E9C3F65AC}.Debug|Any CPU.ActiveCfg = Debug|Any CPU
		{871F21D4-C1B6-4889-A6C5-AA4E9C3F65AC}.Debug|Any CPU.Build.0 = Debug|Any CPU
		{871F21D4-C1B6-4889-A6C5-AA4E9C3F65AC}.Release|Any CPU.ActiveCfg = Release|Any CPU
		{871F21D4-C1B6-4889-A6C5-AA4E9C3F65AC}.Release|Any CPU.Build.0 = Release|Any CPU
		{088EFE13-D92D-4D01-8968-26A638C46F61}.Debug|Any CPU.ActiveCfg = Debug|Any CPU
		{088EFE13-D92D-4D01-8968-26A638C46F61}.Debug|Any CPU.Build.0 = Debug|Any CPU
		{088EFE13-D92D-4D01-8968-26A638C46F61}.Release|Any CPU.ActiveCfg = Release|Any CPU
		{088EFE13-D92D-4D01-8968-26A638C46F61}.Release|Any CPU.Build.0 = Release|Any CPU
		{860E91B2-478A-4520-AB2A-19BBB212FA03}.Debug|Any CPU.ActiveCfg = Debug|Any CPU
		{860E91B2-478A-4520-AB2A-19BBB212FA03}.Debug|Any CPU.Build.0 = Debug|Any CPU
		{860E91B2-478A-4520-AB2A-19BBB212FA03}.Release|Any CPU.ActiveCfg = Release|Any CPU
		{860E91B2-478A-4520-AB2A-19BBB212FA03}.Release|Any CPU.Build.0 = Release|Any CPU
		{8B2AAEDE-A057-47D2-870E-1716D8776E5E}.Debug|Any CPU.ActiveCfg = Debug|Any CPU
		{8B2AAEDE-A057-47D2-870E-1716D8776E5E}.Debug|Any CPU.Build.0 = Debug|Any CPU
		{8B2AAEDE-A057-47D2-870E-1716D8776E5E}.Release|Any CPU.ActiveCfg = Release|Any CPU
		{8B2AAEDE-A057-47D2-870E-1716D8776E5E}.Release|Any CPU.Build.0 = Release|Any CPU
		{2427689A-B15B-48D3-96CA-A745E0C1682A}.Debug|Any CPU.ActiveCfg = Debug|Any CPU
		{2427689A-B15B-48D3-96CA-A745E0C1682A}.Debug|Any CPU.Build.0 = Debug|Any CPU
		{2427689A-B15B-48D3-96CA-A745E0C1682A}.Release|Any CPU.ActiveCfg = Release|Any CPU
		{2427689A-B15B-48D3-96CA-A745E0C1682A}.Release|Any CPU.Build.0 = Release|Any CPU
		{6C463A69-C914-4AEF-A1F0-9325C914AC84}.Debug|Any CPU.ActiveCfg = Debug|Any CPU
		{6C463A69-C914-4AEF-A1F0-9325C914AC84}.Debug|Any CPU.Build.0 = Debug|Any CPU
		{6C463A69-C914-4AEF-A1F0-9325C914AC84}.Release|Any CPU.ActiveCfg = Release|Any CPU
		{6C463A69-C914-4AEF-A1F0-9325C914AC84}.Release|Any CPU.Build.0 = Release|Any CPU
		{6559E5AA-86A5-449A-9A31-978E63C12D53}.Debug|Any CPU.ActiveCfg = Debug|Any CPU
		{6559E5AA-86A5-449A-9A31-978E63C12D53}.Debug|Any CPU.Build.0 = Debug|Any CPU
		{6559E5AA-86A5-449A-9A31-978E63C12D53}.Release|Any CPU.ActiveCfg = Release|Any CPU
		{6559E5AA-86A5-449A-9A31-978E63C12D53}.Release|Any CPU.Build.0 = Release|Any CPU
		{012233A1-ABA3-4DBC-8C61-FB76F373A3F3}.Debug|Any CPU.ActiveCfg = Debug|Any CPU
		{012233A1-ABA3-4DBC-8C61-FB76F373A3F3}.Debug|Any CPU.Build.0 = Debug|Any CPU
		{012233A1-ABA3-4DBC-8C61-FB76F373A3F3}.Release|Any CPU.ActiveCfg = Release|Any CPU
		{012233A1-ABA3-4DBC-8C61-FB76F373A3F3}.Release|Any CPU.Build.0 = Release|Any CPU
		{11F917C8-BFF4-418C-AFBC-64EE9985629B}.Debug|Any CPU.ActiveCfg = Debug|Any CPU
		{11F917C8-BFF4-418C-AFBC-64EE9985629B}.Debug|Any CPU.Build.0 = Debug|Any CPU
		{11F917C8-BFF4-418C-AFBC-64EE9985629B}.Release|Any CPU.ActiveCfg = Release|Any CPU
		{11F917C8-BFF4-418C-AFBC-64EE9985629B}.Release|Any CPU.Build.0 = Release|Any CPU
		{3E8CD3DE-8434-42D4-BC83-04C090396E20}.Debug|Any CPU.ActiveCfg = Debug|Any CPU
		{3E8CD3DE-8434-42D4-BC83-04C090396E20}.Debug|Any CPU.Build.0 = Debug|Any CPU
		{3E8CD3DE-8434-42D4-BC83-04C090396E20}.Release|Any CPU.ActiveCfg = Release|Any CPU
		{3E8CD3DE-8434-42D4-BC83-04C090396E20}.Release|Any CPU.Build.0 = Release|Any CPU
		{73E5B749-43CA-4C92-A940-57E5908F498E}.Debug|Any CPU.ActiveCfg = Debug|Any CPU
		{73E5B749-43CA-4C92-A940-57E5908F498E}.Debug|Any CPU.Build.0 = Debug|Any CPU
		{73E5B749-43CA-4C92-A940-57E5908F498E}.Release|Any CPU.ActiveCfg = Release|Any CPU
		{73E5B749-43CA-4C92-A940-57E5908F498E}.Release|Any CPU.Build.0 = Release|Any CPU
		{8CEE7E7F-156C-4322-A9A9-5C239FD6D4EA}.Debug|Any CPU.ActiveCfg = Debug|Any CPU
		{8CEE7E7F-156C-4322-A9A9-5C239FD6D4EA}.Debug|Any CPU.Build.0 = Debug|Any CPU
		{8CEE7E7F-156C-4322-A9A9-5C239FD6D4EA}.Release|Any CPU.ActiveCfg = Release|Any CPU
		{8CEE7E7F-156C-4322-A9A9-5C239FD6D4EA}.Release|Any CPU.Build.0 = Release|Any CPU
	EndGlobalSection
	GlobalSection(SolutionProperties) = preSolution
		HideSolutionNode = FALSE
	EndGlobalSection
	GlobalSection(NestedProjects) = preSolution
		{871F21D4-C1B6-4889-A6C5-AA4E9C3F65AC} = {4CD0E8BD-BEEE-4A43-8E18-1A46F730B4E4}
		{088EFE13-D92D-4D01-8968-26A638C46F61} = {4CD0E8BD-BEEE-4A43-8E18-1A46F730B4E4}
		{860E91B2-478A-4520-AB2A-19BBB212FA03} = {4CD0E8BD-BEEE-4A43-8E18-1A46F730B4E4}
		{8B2AAEDE-A057-47D2-870E-1716D8776E5E} = {1C7FE07A-C2F2-4378-9ED4-A2BA5ACF0C17}
		{2427689A-B15B-48D3-96CA-A745E0C1682A} = {1C7FE07A-C2F2-4378-9ED4-A2BA5ACF0C17}
		{6C463A69-C914-4AEF-A1F0-9325C914AC84} = {1C7FE07A-C2F2-4378-9ED4-A2BA5ACF0C17}
		{6559E5AA-86A5-449A-9A31-978E63C12D53} = {11DA2D20-91D1-41C4-AEE3-9A897C877832}
		{012233A1-ABA3-4DBC-8C61-FB76F373A3F3} = {11DA2D20-91D1-41C4-AEE3-9A897C877832}
		{11F917C8-BFF4-418C-AFBC-64EE9985629B} = {11DA2D20-91D1-41C4-AEE3-9A897C877832}
		{3E8CD3DE-8434-42D4-BC83-04C090396E20} = {A5522024-BAC6-410E-A6EE-B10FA30E7213}
		{73E5B749-43CA-4C92-A940-57E5908F498E} = {A5522024-BAC6-410E-A6EE-B10FA30E7213}
		{8CEE7E7F-156C-4322-A9A9-5C239FD6D4EA} = {A5522024-BAC6-410E-A6EE-B10FA30E7213}
	EndGlobalSection
	GlobalSection(ExtensibilityGlobals) = postSolution
		SolutionGuid = {19700768-D507-40AE-918C-C0CA836BE765}
	EndGlobalSection
EndGlobal
